%% THIS FILE IS GENERATED. DO NOT EDIT IT MANUALLY %%

{sub_dirs,["deps","automator","rel"]}.
{erl_opts,[debug_info,warnings_as_errors]}.
{require_otp_vsn,"17"}.
{deps,[{cowlib,".*",
               {git,"git://github.com/extend/cowlib.git",
                    "e2ffefe828b918486e2cd76e44c54ae9b62c616e"}},
       {ranch,".*",
              {git,"git://github.com/extend/ranch.git",
                   "3189ef2d47843945efc96c224963380462c33d40"}},
       {cowboy,".*",
               {git,"git://github.com/extend/cowboy.git",
                    "ee3ad5e51005b453230804036e092e1d2ceebe4f"}},
       {getopt,".*",
               {git,"git://github.com/jcomellas/getopt.git",
                    "659a28f4145bc9843598972854299dc4ea77e4cb"}},
       {goldrush,".*",
                 {git,"git://github.com/DeadZen/goldrush.git",
                      "71e63212f12c25827e0c1b4198d37d5d018a7fec"}},
       {lager,".*",
              {git,"git://github.com/basho/lager.git",
                   "b6b6cebcb27ccff8acc59ae775acebc2f52e4926"}},
       {neotoma,".*",
                {git,"git://github.com/seancribbs/neotoma.git",
                     "760928ec8870da02eb11bccb501e2700925d06c6"}},
       {cuttlefish,".*",
                   {git,"git://github.com/basho/cuttlefish.git",
                        "78b82b5499171098393ee29621fc7ba5dc5e854d"}},
       {node_package,".*",
                     {git,"git://github.com/basho/node_package.git",
                          "509c27424d67d347605c3f6e85e900528f9d3463"}},
       {rebar_lock_deps_plugin,".*",
                               {git,"git://github.com/seth/rebar_lock_deps_plugin.git",
                                    "9711549b8a84b065eb2edc22f8eb6ff85e3c94e8"}}]}.
{plugins,[rebar_lock_deps_plugin]}.

